# Generated by pub
# See https://www.dartlang.org/tools/pub/glossary#lockfile
packages:
  async:
    dependency: "direct main"
    description:
      name: async
      url: "https://pub.dartlang.org"
    source: hosted
    version: "2.4.0"
  charcode:
    dependency: transitive
    description:
      name: charcode
      url: "https://pub.dartlang.org"
    source: hosted
    version: "1.1.2"
  collection:
    dependency: transitive
    description:
      name: collection
      url: "https://pub.dartlang.org"
    source: hosted
    version: "1.14.12"
  csslib_vendored:
    dependency: transitive
    description:
      path: "/opt/deployment/dartpackages/csslib_vendored"
      relative: false
    source: path
    version: "0.16.0"
  dg6library:
    dependency: "direct main"
    description:
      path: "/opt/deployment/dartpackages/dg6library"
      relative: false
    source: path
    version: "0.0.1"
  jclosure:
    dependency: "direct main"
    description:
      path: "/opt/deployment/dartpackages/jclosure"
      relative: false
    source: path
    version: "0.0.1"
  js:
    dependency: transitive
    description:
      name: js
      url: "https://pub.dartlang.org"
    source: hosted
    version: "0.6.1+1"
  jtiny:
    dependency: transitive
    description:
      path: "/opt/deployment/dartpackages/jtiny"
      relative: false
    source: path
    version: "0.0.1"
  path:
    dependency: transitive
    description:
      name: path
      url: "https://pub.dartlang.org"
    source: hosted
    version: "1.6.4"
  source_span:
    dependency: transitive
    description:
      name: source_span
      url: "https://pub.dartlang.org"
    source: hosted
    version: "1.5.5"
  term_glyph:
    dependency: transitive
    description:
      name: term_glyph
      url: "https://pub.dartlang.org"
    source: hosted
    version: "1.1.0"
sdks:
  dart: ">=2.2.0 <3.0.0"
